Microsoft Visual Studio Solution File, Format Version 12.00
# Visual Studio 2013
VisualStudioVersion = 12.0.21005.1
MinimumVisualStudioVersion = 10.0.40219.1
Project("{FAE04EC0-301F-11D3-BF4B-00C04F79EFBC}") = "IEToolbarEngine", "IEToolbarEngine.csproj", "{ACCDA683-C6AC-43DD-819F-4C3DE36E6BD7}"
EndProject
Project("{FAE04EC0-301F-11D3-BF4B-00C04F79EFBC}") = "ScriptLib", "ScriptLib\ScriptLib.csproj", "{FF75999B-FEE6-4E0F-A74B-5E4683D8164E}"
EndProject
Project("{FAE04EC0-301F-11D3-BF4B-00C04F79EFBC}") = "Utils", "..\Utils\Utils.csproj", "{2653B26E-82FC-49B2-81ED-D9E622C2436D}"
EndProject
Project("{FAE04EC0-301F-11D3-BF4B-00C04F79EFBC}") = "ZHAMLib", "..\ZHAMLib\ZHAMLib.csproj", "{3C324E75-23CD-4B40-BEF2-0FB780A8DDBD}"
EndProject
Project("{6141683F-8A12-4E36-9623-2EB02B2C2303}") = "DeRenHouSetup", "..\DeRenHouSetup\DeRenHouSetup.isproj", "{CFBBC0CA-A9AE-46A4-9946-342B21C3FA43}"
EndProject
Global
	GlobalSection(SolutionConfigurationPlatforms) = preSolution
		CD_ROM|Any CPU = CD_ROM|Any CPU
		CD_ROM|Mixed Platforms = CD_ROM|Mixed Platforms
		CD_ROM|Win32 = CD_ROM|Win32
		CD_ROM|x86 = CD_ROM|x86
		Debug|Any CPU = Debug|Any CPU
		Debug|Mixed Platforms = Debug|Mixed Platforms
		Debug|Win32 = Debug|Win32
		Debug|x86 = Debug|x86
		DVD-5|Any CPU = DVD-5|Any CPU
		DVD-5|Mixed Platforms = DVD-5|Mixed Platforms
		DVD-5|Win32 = DVD-5|Win32
		DVD-5|x86 = DVD-5|x86
		Release|Any CPU = Release|Any CPU
		Release|Mixed Platforms = Release|Mixed Platforms
		Release|Win32 = Release|Win32
		Release|x86 = Release|x86
		SingleImage|Any CPU = SingleImage|Any CPU
		SingleImage|Mixed Platforms = SingleImage|Mixed Platforms
		SingleImage|Win32 = SingleImage|Win32
		SingleImage|x86 = SingleImage|x86
	EndGlobalSection
	GlobalSection(ProjectConfigurationPlatforms) = postSolution
		{ACCDA683-C6AC-43DD-819F-4C3DE36E6BD7}.CD_ROM|Any CPU.ActiveCfg = Release|Any CPU
		{ACCDA683-C6AC-43DD-819F-4C3DE36E6BD7}.CD_ROM|Any CPU.Build.0 = Release|Any CPU
		{ACCDA683-C6AC-43DD-819F-4C3DE36E6BD7}.CD_ROM|Mixed Platforms.ActiveCfg = Release|Any CPU
		{ACCDA683-C6AC-43DD-819F-4C3DE36E6BD7}.CD_ROM|Mixed Platforms.Build.0 = Release|Any CPU
		{ACCDA683-C6AC-43DD-819F-4C3DE36E6BD7}.CD_ROM|Win32.ActiveCfg = Release|Any CPU
		{ACCDA683-C6AC-43DD-819F-4C3DE36E6BD7}.CD_ROM|x86.ActiveCfg = Release|x86
		{ACCDA683-C6AC-43DD-819F-4C3DE36E6BD7}.CD_ROM|x86.Build.0 = Release|x86
		{ACCDA683-C6AC-43DD-819F-4C3DE36E6BD7}.Debug|Any CPU.ActiveCfg = Debug|Any CPU
		{ACCDA683-C6AC-43DD-819F-4C3DE36E6BD7}.Debug|Any CPU.Build.0 = Debug|Any CPU
		{ACCDA683-C6AC-43DD-819F-4C3DE36E6BD7}.Debug|Mixed Platforms.ActiveCfg = Debug|Any CPU
		{ACCDA683-C6AC-43DD-819F-4C3DE36E6BD7}.Debug|Mixed Platforms.Build.0 = Debug|Any CPU
		{ACCDA683-C6AC-43DD-819F-4C3DE36E6BD7}.Debug|Win32.ActiveCfg = Debug|Any CPU
		{ACCDA683-C6AC-43DD-819F-4C3DE36E6BD7}.Debug|Win32.Build.0 = Debug|Any CPU
		{ACCDA683-C6AC-43DD-819F-4C3DE36E6BD7}.Debug|x86.ActiveCfg = Debug|x86
		{ACCDA683-C6AC-43DD-819F-4C3DE36E6BD7}.Debug|x86.Build.0 = Debug|x86
		{ACCDA683-C6AC-43DD-819F-4C3DE36E6BD7}.DVD-5|Any CPU.ActiveCfg = Debug|Any CPU
		{ACCDA683-C6AC-43DD-819F-4C3DE36E6BD7}.DVD-5|Any CPU.Build.0 = Debug|Any CPU
		{ACCDA683-C6AC-43DD-819F-4C3DE36E6BD7}.DVD-5|Mixed Platforms.ActiveCfg = Debug|Any CPU
		{ACCDA683-C6AC-43DD-819F-4C3DE36E6BD7}.DVD-5|Mixed Platforms.Build.0 = Debug|Any CPU
		{ACCDA683-C6AC-43DD-819F-4C3DE36E6BD7}.DVD-5|Win32.ActiveCfg = Debug|Any CPU
		{ACCDA683-C6AC-43DD-819F-4C3DE36E6BD7}.DVD-5|x86.ActiveCfg = Debug|x86
		{ACCDA683-C6AC-43DD-819F-4C3DE36E6BD7}.DVD-5|x86.Build.0 = Debug|x86
		{ACCDA683-C6AC-43DD-819F-4C3DE36E6BD7}.Release|Any CPU.ActiveCfg = Release|Any CPU
		{ACCDA683-C6AC-43DD-819F-4C3DE36E6BD7}.Release|Any CPU.Build.0 = Release|Any CPU
		{ACCDA683-C6AC-43DD-819F-4C3DE36E6BD7}.Release|Mixed Platforms.ActiveCfg = Release|Any CPU
		{ACCDA683-C6AC-43DD-819F-4C3DE36E6BD7}.Release|Mixed Platforms.Build.0 = Release|Any CPU
		{ACCDA683-C6AC-43DD-819F-4C3DE36E6BD7}.Release|Win32.ActiveCfg = Release|Any CPU
		{ACCDA683-C6AC-43DD-819F-4C3DE36E6BD7}.Release|x86.ActiveCfg = Release|x86
		{ACCDA683-C6AC-43DD-819F-4C3DE36E6BD7}.Release|x86.Build.0 = Release|x86
		{ACCDA683-C6AC-43DD-819F-4C3DE36E6BD7}.SingleImage|Any CPU.ActiveCfg = Release|Any CPU
		{ACCDA683-C6AC-43DD-819F-4C3DE36E6BD7}.SingleImage|Any CPU.Build.0 = Release|Any CPU
		{ACCDA683-C6AC-43DD-819F-4C3DE36E6BD7}.SingleImage|Mixed Platforms.ActiveCfg = Release|Any CPU
		{ACCDA683-C6AC-43DD-819F-4C3DE36E6BD7}.SingleImage|Mixed Platforms.Build.0 = Release|Any CPU
		{ACCDA683-C6AC-43DD-819F-4C3DE36E6BD7}.SingleImage|Win32.ActiveCfg = Release|Any CPU
		{ACCDA683-C6AC-43DD-819F-4C3DE36E6BD7}.SingleImage|x86.ActiveCfg = Release|x86
		{ACCDA683-C6AC-43DD-819F-4C3DE36E6BD7}.SingleImage|x86.Build.0 = Release|x86
		{FF75999B-FEE6-4E0F-A74B-5E4683D8164E}.CD_ROM|Any CPU.ActiveCfg = Release|Any CPU
		{FF75999B-FEE6-4E0F-A74B-5E4683D8164E}.CD_ROM|Any CPU.Build.0 = Release|Any CPU
		{FF75999B-FEE6-4E0F-A74B-5E4683D8164E}.CD_ROM|Mixed Platforms.ActiveCfg = Release|Any CPU
		{FF75999B-FEE6-4E0F-A74B-5E4683D8164E}.CD_ROM|Mixed Platforms.Build.0 = Release|Any CPU
		{FF75999B-FEE6-4E0F-A74B-5E4683D8164E}.CD_ROM|Win32.ActiveCfg = Release|Any CPU
		{FF75999B-FEE6-4E0F-A74B-5E4683D8164E}.CD_ROM|x86.ActiveCfg = Release|x86
		{FF75999B-FEE6-4E0F-A74B-5E4683D8164E}.CD_ROM|x86.Build.0 = Release|x86
		{FF75999B-FEE6-4E0F-A74B-5E4683D8164E}.Debug|Any CPU.ActiveCfg = Debug|Any CPU
		{FF75999B-FEE6-4E0F-A74B-5E4683D8164E}.Debug|Any CPU.Build.0 = Debug|Any CPU
		{FF75999B-FEE6-4E0F-A74B-5E4683D8164E}.Debug|Mixed Platforms.ActiveCfg = Debug|Any CPU
		{FF75999B-FEE6-4E0F-A74B-5E4683D8164E}.Debug|Mixed Platforms.Build.0 = Debug|Any CPU
		{FF75999B-FEE6-4E0F-A74B-5E4683D8164E}.Debug|Win32.ActiveCfg = Debug|Any CPU
		{FF75999B-FEE6-4E0F-A74B-5E4683D8164E}.Debug|Win32.Build.0 = Debug|Any CPU
		{FF75999B-FEE6-4E0F-A74B-5E4683D8164E}.Debug|x86.ActiveCfg = Debug|x86
		{FF75999B-FEE6-4E0F-A74B-5E4683D8164E}.Debug|x86.Build.0 = Debug|x86
		{FF75999B-FEE6-4E0F-A74B-5E4683D8164E}.DVD-5|Any CPU.ActiveCfg = Debug|Any CPU
		{FF75999B-FEE6-4E0F-A74B-5E4683D8164E}.DVD-5|Any CPU.Build.0 = Debug|Any CPU
		{FF75999B-FEE6-4E0F-A74B-5E4683D8164E}.DVD-5|Mixed Platforms.ActiveCfg = Debug|Any CPU
		{FF75999B-FEE6-4E0F-A74B-5E4683D8164E}.DVD-5|Mixed Platforms.Build.0 = Debug|Any CPU
		{FF75999B-FEE6-4E0F-A74B-5E4683D8164E}.DVD-5|Win32.ActiveCfg = Debug|Any CPU
		{FF75999B-FEE6-4E0F-A74B-5E4683D8164E}.DVD-5|x86.ActiveCfg = Debug|x86
		{FF75999B-FEE6-4E0F-A74B-5E4683D8164E}.DVD-5|x86.Build.0 = Debug|x86
		{FF75999B-FEE6-4E0F-A74B-5E4683D8164E}.Release|Any CPU.ActiveCfg = Release|Any CPU
		{FF75999B-FEE6-4E0F-A74B-5E4683D8164E}.Release|Any CPU.Build.0 = Release|Any CPU
		{FF75999B-FEE6-4E0F-A74B-5E4683D8164E}.Release|Mixed Platforms.ActiveCfg = Release|Any CPU
		{FF75999B-FEE6-4E0F-A74B-5E4683D8164E}.Release|Mixed Platforms.Build.0 = Release|Any CPU
		{FF75999B-FEE6-4E0F-A74B-5E4683D8164E}.Release|Win32.ActiveCfg = Release|Any CPU
		{FF75999B-FEE6-4E0F-A74B-5E4683D8164E}.Release|x86.ActiveCfg = Release|x86
		{FF75999B-FEE6-4E0F-A74B-5E4683D8164E}.Release|x86.Build.0 = Release|x86
		{FF75999B-FEE6-4E0F-A74B-5E4683D8164E}.SingleImage|Any CPU.ActiveCfg = Release|Any CPU
		{FF75999B-FEE6-4E0F-A74B-5E4683D8164E}.SingleImage|Any CPU.Build.0 = Release|Any CPU
		{FF75999B-FEE6-4E0F-A74B-5E4683D8164E}.SingleImage|Mixed Platforms.ActiveCfg = Release|Any CPU
		{FF75999B-FEE6-4E0F-A74B-5E4683D8164E}.SingleImage|Mixed Platforms.Build.0 = Release|Any CPU
		{FF75999B-FEE6-4E0F-A74B-5E4683D8164E}.SingleImage|Win32.ActiveCfg = Release|Any CPU
		{FF75999B-FEE6-4E0F-A74B-5E4683D8164E}.SingleImage|x86.ActiveCfg = Release|x86
		{FF75999B-FEE6-4E0F-A74B-5E4683D8164E}.SingleImage|x86.Build.0 = Release|x86
		{2653B26E-82FC-49B2-81ED-D9E622C2436D}.CD_ROM|Any CPU.ActiveCfg = Release|Any CPU
		{2653B26E-82FC-49B2-81ED-D9E622C2436D}.CD_ROM|Any CPU.Build.0 = Release|Any CPU
		{2653B26E-82FC-49B2-81ED-D9E622C2436D}.CD_ROM|Mixed Platforms.ActiveCfg = Release|Any CPU
		{2653B26E-82FC-49B2-81ED-D9E622C2436D}.CD_ROM|Mixed Platforms.Build.0 = Release|Any CPU
		{2653B26E-82FC-49B2-81ED-D9E622C2436D}.CD_ROM|Win32.ActiveCfg = Release|Any CPU
		{2653B26E-82FC-49B2-81ED-D9E622C2436D}.CD_ROM|x86.ActiveCfg = Release|Any CPU
		{2653B26E-82FC-49B2-81ED-D9E622C2436D}.Debug|Any CPU.ActiveCfg = Debug|Any CPU
		{2653B26E-82FC-49B2-81ED-D9E622C2436D}.Debug|Any CPU.Build.0 = Debug|Any CPU
		{2653B26E-82FC-49B2-81ED-D9E622C2436D}.Debug|Mixed Platforms.ActiveCfg = Debug|Any CPU
		{2653B26E-82FC-49B2-81ED-D9E622C2436D}.Debug|Mixed Platforms.Build.0 = Debug|Any CPU
		{2653B26E-82FC-49B2-81ED-D9E622C2436D}.Debug|Win32.ActiveCfg = Debug|Any CPU
		{2653B26E-82FC-49B2-81ED-D9E622C2436D}.Debug|x86.ActiveCfg = Debug|x86
		{2653B26E-82FC-49B2-81ED-D9E622C2436D}.Debug|x86.Build.0 = Debug|x86
		{2653B26E-82FC-49B2-81ED-D9E622C2436D}.DVD-5|Any CPU.ActiveCfg = Debug|Any CPU
		{2653B26E-82FC-49B2-81ED-D9E622C2436D}.DVD-5|Any CPU.Build.0 = Debug|Any CPU
		{2653B26E-82FC-49B2-81ED-D9E622C2436D}.DVD-5|Mixed Platforms.ActiveCfg = Debug|Any CPU
		{2653B26E-82FC-49B2-81ED-D9E622C2436D}.DVD-5|Mixed Platforms.Build.0 = Debug|Any CPU
		{2653B26E-82FC-49B2-81ED-D9E622C2436D}.DVD-5|Win32.ActiveCfg = Debug|Any CPU
		{2653B26E-82FC-49B2-81ED-D9E622C2436D}.DVD-5|x86.ActiveCfg = Debug|Any CPU
		{2653B26E-82FC-49B2-81ED-D9E622C2436D}.Release|Any CPU.ActiveCfg = Release|Any CPU
		{2653B26E-82FC-49B2-81ED-D9E622C2436D}.Release|Any CPU.Build.0 = Release|Any CPU
		{2653B26E-82FC-49B2-81ED-D9E622C2436D}.Release|Mixed Platforms.ActiveCfg = Release|Any CPU
		{2653B26E-82FC-49B2-81ED-D9E622C2436D}.Release|Mixed Platforms.Build.0 = Release|Any CPU
		{2653B26E-82FC-49B2-81ED-D9E622C2436D}.Release|Win32.ActiveCfg = Release|Any CPU
		{2653B26E-82FC-49B2-81ED-D9E622C2436D}.Release|x86.ActiveCfg = Release|x86
		{2653B26E-82FC-49B2-81ED-D9E622C2436D}.Release|x86.Build.0 = Release|x86
		{2653B26E-82FC-49B2-81ED-D9E622C2436D}.SingleImage|Any CPU.ActiveCfg = Release|Any CPU
		{2653B26E-82FC-49B2-81ED-D9E622C2436D}.SingleImage|Any CPU.Build.0 = Release|Any CPU
		{2653B26E-82FC-49B2-81ED-D9E622C2436D}.SingleImage|Mixed Platforms.ActiveCfg = Release|Any CPU
		{2653B26E-82FC-49B2-81ED-D9E622C2436D}.SingleImage|Mixed Platforms.Build.0 = Release|Any CPU
		{2653B26E-82FC-49B2-81ED-D9E622C2436D}.SingleImage|Win32.ActiveCfg = Release|Any CPU
		{2653B26E-82FC-49B2-81ED-D9E622C2436D}.SingleImage|x86.ActiveCfg = Release|Any CPU
		{3C324E75-23CD-4B40-BEF2-0FB780A8DDBD}.CD_ROM|Any CPU.ActiveCfg = Release|Any CPU
		{3C324E75-23CD-4B40-BEF2-0FB780A8DDBD}.CD_ROM|Any CPU.Build.0 = Release|Any CPU
		{3C324E75-23CD-4B40-BEF2-0FB780A8DDBD}.CD_ROM|Mixed Platforms.ActiveCfg = Release|Any CPU
		{3C324E75-23CD-4B40-BEF2-0FB780A8DDBD}.CD_ROM|Mixed Platforms.Build.0 = Release|Any CPU
		{3C324E75-23CD-4B40-BEF2-0FB780A8DDBD}.CD_ROM|Win32.ActiveCfg = Release|Any CPU
		{3C324E75-23CD-4B40-BEF2-0FB780A8DDBD}.CD_ROM|x86.ActiveCfg = Release|Any CPU
		{3C324E75-23CD-4B40-BEF2-0FB780A8DDBD}.Debug|Any CPU.ActiveCfg = Debug|Any CPU
		{3C324E75-23CD-4B40-BEF2-0FB780A8DDBD}.Debug|Any CPU.Build.0 = Debug|Any CPU
		{3C324E75-23CD-4B40-BEF2-0FB780A8DDBD}.Debug|Mixed Platforms.ActiveCfg = Debug|Any CPU
		{3C324E75-23CD-4B40-BEF2-0FB780A8DDBD}.Debug|Mixed Platforms.Build.0 = Debug|Any CPU
		{3C324E75-23CD-4B40-BEF2-0FB780A8DDBD}.Debug|Win32.ActiveCfg = Debug|Any CPU
		{3C324E75-23CD-4B40-BEF2-0FB780A8DDBD}.Debug|x86.ActiveCfg = Debug|x86
		{3C324E75-23CD-4B40-BEF2-0FB780A8DDBD}.Debug|x86.Build.0 = Debug|x86
		{3C324E75-23CD-4B40-BEF2-0FB780A8DDBD}.DVD-5|Any CPU.ActiveCfg = Debug|Any CPU
		{3C324E75-23CD-4B40-BEF2-0FB780A8DDBD}.DVD-5|Any CPU.Build.0 = Debug|Any CPU
		{3C324E75-23CD-4B40-BEF2-0FB780A8DDBD}.DVD-5|Mixed Platforms.ActiveCfg = Debug|Any CPU
		{3C324E75-23CD-4B40-BEF2-0FB780A8DDBD}.DVD-5|Mixed Platforms.Build.0 = Debug|Any CPU
		{3C324E75-23CD-4B40-BEF2-0FB780A8DDBD}.DVD-5|Win32.ActiveCfg = Debug|Any CPU
		{3C324E75-23CD-4B40-BEF2-0FB780A8DDBD}.DVD-5|x86.ActiveCfg = Debug|Any CPU
		{3C324E75-23CD-4B40-BEF2-0FB780A8DDBD}.Release|Any CPU.ActiveCfg = Release|Any CPU
		{3C324E75-23CD-4B40-BEF2-0FB780A8DDBD}.Release|Any CPU.Build.0 = Release|Any CPU
		{3C324E75-23CD-4B40-BEF2-0FB780A8DDBD}.Release|Mixed Platforms.ActiveCfg = Release|Any CPU
		{3C324E75-23CD-4B40-BEF2-0FB780A8DDBD}.Release|Mixed Platforms.Build.0 = Release|Any CPU
		{3C324E75-23CD-4B40-BEF2-0FB780A8DDBD}.Release|Win32.ActiveCfg = Release|Any CPU
		{3C324E75-23CD-4B40-BEF2-0FB780A8DDBD}.Release|x86.ActiveCfg = Release|x86
		{3C324E75-23CD-4B40-BEF2-0FB780A8DDBD}.Release|x86.Build.0 = Release|x86
		{3C324E75-23CD-4B40-BEF2-0FB780A8DDBD}.SingleImage|Any CPU.ActiveCfg = Release|Any CPU
		{3C324E75-23CD-4B40-BEF2-0FB780A8DDBD}.SingleImage|Any CPU.Build.0 = Release|Any CPU
		{3C324E75-23CD-4B40-BEF2-0FB780A8DDBD}.SingleImage|Mixed Platforms.ActiveCfg = Release|Any CPU
		{3C324E75-23CD-4B40-BEF2-0FB780A8DDBD}.SingleImage|Mixed Platforms.Build.0 = Release|Any CPU
		{3C324E75-23CD-4B40-BEF2-0FB780A8DDBD}.SingleImage|Win32.ActiveCfg = Release|Any CPU
		{3C324E75-23CD-4B40-BEF2-0FB780A8DDBD}.SingleImage|x86.ActiveCfg = Release|Any CPU
		{CFBBC0CA-A9AE-46A4-9946-342B21C3FA43}.CD_ROM|Any CPU.ActiveCfg = CD_ROM
		{CFBBC0CA-A9AE-46A4-9946-342B21C3FA43}.CD_ROM|Any CPU.Build.0 = CD_ROM
		{CFBBC0CA-A9AE-46A4-9946-342B21C3FA43}.CD_ROM|Mixed Platforms.ActiveCfg = CD_ROM
		{CFBBC0CA-A9AE-46A4-9946-342B21C3FA43}.CD_ROM|Mixed Platforms.Build.0 = CD_ROM
		{CFBBC0CA-A9AE-46A4-9946-342B21C3FA43}.CD_ROM|Win32.ActiveCfg = CD_ROM
		{CFBBC0CA-A9AE-46A4-9946-342B21C3FA43}.CD_ROM|Win32.Build.0 = CD_ROM
		{CFBBC0CA-A9AE-46A4-9946-342B21C3FA43}.CD_ROM|x86.ActiveCfg = CD_ROM
		{CFBBC0CA-A9AE-46A4-9946-342B21C3FA43}.CD_ROM|x86.Build.0 = CD_ROM
		{CFBBC0CA-A9AE-46A4-9946-342B21C3FA43}.Debug|Any CPU.ActiveCfg = DVD-5
		{CFBBC0CA-A9AE-46A4-9946-342B21C3FA43}.Debug|Any CPU.Build.0 = DVD-5
		{CFBBC0CA-A9AE-46A4-9946-342B21C3FA43}.Debug|Mixed Platforms.ActiveCfg = DVD-5
		{CFBBC0CA-A9AE-46A4-9946-342B21C3FA43}.Debug|Mixed Platforms.Build.0 = DVD-5
		{CFBBC0CA-A9AE-46A4-9946-342B21C3FA43}.Debug|Win32.ActiveCfg = DVD-5
		{CFBBC0CA-A9AE-46A4-9946-342B21C3FA43}.Debug|Win32.Build.0 = DVD-5
		{CFBBC0CA-A9AE-46A4-9946-342B21C3FA43}.Debug|x86.ActiveCfg = DVD-5
		{CFBBC0CA-A9AE-46A4-9946-342B21C3FA43}.Debug|x86.Build.0 = DVD-5
		{CFBBC0CA-A9AE-46A4-9946-342B21C3FA43}.DVD-5|Any CPU.ActiveCfg = DVD-5
		{CFBBC0CA-A9AE-46A4-9946-342B21C3FA43}.DVD-5|Any CPU.Build.0 = DVD-5
		{CFBBC0CA-A9AE-46A4-9946-342B21C3FA43}.DVD-5|Mixed Platforms.ActiveCfg = DVD-5
		{CFBBC0CA-A9AE-46A4-9946-342B21C3FA43}.DVD-5|Mixed Platforms.Build.0 = DVD-5
		{CFBBC0CA-A9AE-46A4-9946-342B21C3FA43}.DVD-5|Win32.ActiveCfg = DVD-5
		{CFBBC0CA-A9AE-46A4-9946-342B21C3FA43}.DVD-5|Win32.Build.0 = DVD-5
		{CFBBC0CA-A9AE-46A4-9946-342B21C3FA43}.DVD-5|x86.ActiveCfg = DVD-5
		{CFBBC0CA-A9AE-46A4-9946-342B21C3FA43}.DVD-5|x86.Build.0 = DVD-5
		{CFBBC0CA-A9AE-46A4-9946-342B21C3FA43}.Release|Any CPU.ActiveCfg = SingleImage
		{CFBBC0CA-A9AE-46A4-9946-342B21C3FA43}.Release|Any CPU.Build.0 = SingleImage
		{CFBBC0CA-A9AE-46A4-9946-342B21C3FA43}.Release|Mixed Platforms.ActiveCfg = SingleImage
		{CFBBC0CA-A9AE-46A4-9946-342B21C3FA43}.Release|Mixed Platforms.Build.0 = SingleImage
		{CFBBC0CA-A9AE-46A4-9946-342B21C3FA43}.Release|Win32.ActiveCfg = SingleImage
		{CFBBC0CA-A9AE-46A4-9946-342B21C3FA43}.Release|Win32.Build.0 = SingleImage
		{CFBBC0CA-A9AE-46A4-9946-342B21C3FA43}.Release|x86.ActiveCfg = SingleImage
		{CFBBC0CA-A9AE-46A4-9946-342B21C3FA43}.Release|x86.Build.0 = SingleImage
		{CFBBC0CA-A9AE-46A4-9946-342B21C3FA43}.SingleImage|Any CPU.ActiveCfg = SingleImage
		{CFBBC0CA-A9AE-46A4-9946-342B21C3FA43}.SingleImage|Any CPU.Build.0 = SingleImage
		{CFBBC0CA-A9AE-46A4-9946-342B21C3FA43}.SingleImage|Mixed Platforms.ActiveCfg = SingleImage
		{CFBBC0CA-A9AE-46A4-9946-342B21C3FA43}.SingleImage|Mixed Platforms.Build.0 = SingleImage
		{CFBBC0CA-A9AE-46A4-9946-342B21C3FA43}.SingleImage|Win32.ActiveCfg = SingleImage
		{CFBBC0CA-A9AE-46A4-9946-342B21C3FA43}.SingleImage|Win32.Build.0 = SingleImage
		{CFBBC0CA-A9AE-46A4-9946-342B21C3FA43}.SingleImage|x86.ActiveCfg = SingleImage
		{CFBBC0CA-A9AE-46A4-9946-342B21C3FA43}.SingleImage|x86.Build.0 = SingleImage
	EndGlobalSection
	GlobalSection(SolutionProperties) = preSolution
		HideSolutionNode = FALSE
	EndGlobalSection
EndGlobal
